
Microsoft Visual Studio Solution File, Format Version 12.00
# Visual Studio 15
VisualStudioVersion = 15.0.27703.2000
MinimumVisualStudioVersion = 10.0.40219.1
Project("{FAE04EC0-301F-11D3-BF4B-00C04F79EFBC}") = "SA46Team12BookShopApp", "SA46Team12BookShopApp\SA46Team12BookShopApp.csproj", "{EC98E297-1838-4D68-AA99-BFDDF3126B6E}"
EndProject
Global
	GlobalSection(SolutionConfigurationPlatforms) = preSolution
		Debug|Any CPU = Debug|Any CPU
		Release|Any CPU = Release|Any CPU
	EndGlobalSection
	GlobalSection(ProjectConfigurationPlatforms) = postSolution
		{EC98E297-1838-4D68-AA99-BFDDF3126B6E}.Debug|Any CPU.ActiveCfg = Debug|Any CPU
		{EC98E297-1838-4D68-AA99-BFDDF3126B6E}.Debug|Any CPU.Build.0 = Debug|Any CPU
		{EC98E297-1838-4D68-AA99-BFDDF3126B6E}.Release|Any CPU.ActiveCfg = Release|Any CPU
		{EC98E297-1838-4D68-AA99-BFDDF3126B6E}.Release|Any CPU.Build.0 = Release|Any CPU
	EndGlobalSection
	GlobalSection(SolutionProperties) = preSolution
		HideSolutionNode = FALSE
	EndGlobalSection
	GlobalSection(ExtensibilityGlobals) = postSolution
		SolutionGuid = {07CEC7CC-9A52-4BB8-8AC7-73583B015068}
	EndGlobalSection
EndGlobal
